// !$*UTF8*$!
{
	archiveVersion = 1;
	classes = {
	};
	objectVersion = 46;
	objects = {

/* Begin PBXBuildFile section */
		3C89DA55DFD76ECC1C7D2E11 /* libPods-NetRequestDemo.a in Frameworks */ = {isa = PBXBuildFile; fileRef = 4718302CD661202D4D33CB50 /* libPods-NetRequestDemo.a */; };
		7EC916041CA907CA00B25B50 /* main.m in Sources */ = {isa = PBXBuildFile; fileRef = 7EC916031CA907CA00B25B50 /* main.m */; };
		7EC916071CA907CA00B25B50 /* AppDelegate.m in Sources */ = {isa = PBXBuildFile; fileRef = 7EC916061CA907CA00B25B50 /* AppDelegate.m */; };
		7EC9160A1CA907CA00B25B50 /* ViewController.m in Sources */ = {isa = PBXBuildFile; fileRef = 7EC916091CA907CA00B25B50 /* ViewController.m */; };
		7EC9160D1CA907CA00B25B50 /* Main.storyboard in Resources */ = {isa = PBXBuildFile; fileRef = 7EC9160B1CA907CA00B25B50 /* Main.storyboard */; };
		7EC9160F1CA907CA00B25B50 /* Assets.xcassets in Resources */ = {isa = PBXBuildFile; fileRef = 7EC9160E1CA907CA00B25B50 /* Assets.xcassets */; };
		7EC916121CA907CA00B25B50 /* LaunchScreen.storyboard in Resources */ = {isa = PBXBuildFile; fileRef = 7EC916101CA907CA00B25B50 /* LaunchScreen.storyboard */; };
		7EC9161D1CA907CB00B25B50 /* NetRequestDemoTests.m in Sources */ = {isa = PBXBuildFile; fileRef = 7EC9161C1CA907CB00B25B50 /* NetRequestDemoTests.m */; };
		7EC9162A1CA90F2000B25B50 /* NetEngine.m in Sources */ = {isa = PBXBuildFile; fileRef = 7EC916291CA90F2000B25B50 /* NetEngine.m */; };
		B376A0241E2886220094EFB4 /* NetModel.m in Sources */ = {isa = PBXBuildFile; fileRef = B376A0231E2886220094EFB4 /* NetModel.m */; };
		CE7CD94B1DE55033004FE86E /* NetEngine.podspec in Resources */ = {isa = PBXBuildFile; fileRef = CE7CD94A1DE55033004FE86E /* NetEngine.podspec */; };
		CEFD94BB1D1BCBC8002BFD5B /* NetStatus.m in Sources */ = {isa = PBXBuildFile; fileRef = CEFD94BA1D1BCBC8002BFD5B /* NetStatus.m */; };
		CEFD94BD1D1BD9F8002BFD5B /* CoreTelephony.framework in Frameworks */ = {isa = PBXBuildFile; fileRef = CEFD94BC1D1BD9F8002BFD5B /* CoreTelephony.framework */; };
/* End PBXBuildFile section */

/* Begin PBXContainerItemProxy section */
		7EC916191CA907CB00B25B50 /* PBXContainerItemProxy */ = {
			isa = PBXContainerItemProxy;
			containerPortal = 7EC915F71CA907C900B25B50 /* Project object */;
			proxyType = 1;
			remoteGlobalIDString = 7EC915FE1CA907C900B25B50;
			remoteInfo = NetRequestDemo;
		};
/* End PBXContainerItemProxy section */

/* Begin PBXFileReference section */
		4718302CD661202D4D33CB50 /* libPods-NetRequestDemo.a */ = {isa = PBXFileReference; explicitFileType = archive.ar; includeInIndex = 0; path = "libPods-NetRequestDemo.a"; sourceTree = BUILT_PRODUCTS_DIR; };
		7EC915FF1CA907CA00B25B50 /* NetRequestDemo.app */ = {isa = PBXFileReference; explicitFileType = wrapper.application; includeInIndex = 0; path = NetRequestDemo.app; sourceTree = BUILT_PRODUCTS_DIR; };
		7EC916031CA907CA00B25B50 /* main.m */ = {isa = PBXFileReference; lastKnownFileType = sourcecode.c.objc; path = main.m; sourceTree = "<group>"; };
		7EC916051CA907CA00B25B50 /* AppDelegate.h */ = {isa = PBXFileReference; lastKnownFileType = sourcecode.c.h; path = AppDelegate.h; sourceTree = "<group>"; };
		7EC916061CA907CA00B25B50 /* AppDelegate.m */ = {isa = PBXFileReference; lastKnownFileType = sourcecode.c.objc; path = AppDelegate.m; sourceTree = "<group>"; };
		7EC916081CA907CA00B25B50 /* ViewController.h */ = {isa = PBXFileReference; lastKnownFileType = sourcecode.c.h; path = ViewController.h; sourceTree = "<group>"; };
		7EC916091CA907CA00B25B50 /* ViewController.m */ = {isa = PBXFileReference; lastKnownFileType = sourcecode.c.objc; path = ViewController.m; sourceTree = "<group>"; };
		7EC9160C1CA907CA00B25B50 /* Base */ = {isa = PBXFileReference; lastKnownFileType = file.storyboard; name = Base; path = Base.lproj/Main.storyboard; sourceTree = "<group>"; };
		7EC9160E1CA907CA00B25B50 /* Assets.xcassets */ = {isa = PBXFileReference; lastKnownFileType = folder.assetcatalog; path = Assets.xcassets; sourceTree = "<group>"; };
		7EC916111CA907CA00B25B50 /* Base */ = {isa = PBXFileReference; lastKnownFileType = file.storyboard; name = Base; path = Base.lproj/LaunchScreen.storyboard; sourceTree = "<group>"; };
		7EC916131CA907CA00B25B50 /* Info.plist */ = {isa = PBXFileReference; lastKnownFileType = text.plist.xml; path = Info.plist; sourceTree = "<group>"; };
		7EC916181CA907CB00B25B50 /* NetRequestDemoTests.xctest */ = {isa = PBXFileReference; explicitFileType = wrapper.cfbundle; includeInIndex = 0; path = NetRequestDemoTests.xctest; sourceTree = BUILT_PRODUCTS_DIR; };
		7EC9161C1CA907CB00B25B50 /* NetRequestDemoTests.m */ = {isa = PBXFileReference; lastKnownFileType = sourcecode.c.objc; path = NetRequestDemoTests.m; sourceTree = "<group>"; };
		7EC9161E1CA907CB00B25B50 /* Info.plist */ = {isa = PBXFileReference; lastKnownFileType = text.plist.xml; path = Info.plist; sourceTree = "<group>"; };
		7EC916281CA90F2000B25B50 /* NetEngine.h */ = {isa = PBXFileReference; fileEncoding = 4; lastKnownFileType = sourcecode.c.h; path = NetEngine.h; sourceTree = "<group>"; };
		7EC916291CA90F2000B25B50 /* NetEngine.m */ = {isa = PBXFileReference; fileEncoding = 4; lastKnownFileType = sourcecode.c.objc; path = NetEngine.m; sourceTree = "<group>"; };
		B376A0221E2886220094EFB4 /* NetModel.h */ = {isa = PBXFileReference; fileEncoding = 4; lastKnownFileType = sourcecode.c.h; path = NetModel.h; sourceTree = "<group>"; };
		B376A0231E2886220094EFB4 /* NetModel.m */ = {isa = PBXFileReference; fileEncoding = 4; lastKnownFileType = sourcecode.c.objc; path = NetModel.m; sourceTree = "<group>"; };
		CD769730EC39C3ECE532B52A /* Pods-NetRequestDemo.debug.xcconfig */ = {isa = PBXFileReference; includeInIndex = 1; lastKnownFileType = text.xcconfig; name = "Pods-NetRequestDemo.debug.xcconfig"; path = "Pods/Target Support Files/Pods-NetRequestDemo/Pods-NetRequestDemo.debug.xcconfig"; sourceTree = "<group>"; };
		CE7CD94A1DE55033004FE86E /* NetEngine.podspec */ = {isa = PBXFileReference; fileEncoding = 4; lastKnownFileType = text; path = NetEngine.podspec; sourceTree = "<group>"; };
		CEFD94B91D1BCBC8002BFD5B /* NetStatus.h */ = {isa = PBXFileReference; fileEncoding = 4; lastKnownFileType = sourcecode.c.h; path = NetStatus.h; sourceTree = "<group>"; };
		CEFD94BA1D1BCBC8002BFD5B /* NetStatus.m */ = {isa = PBXFileReference; fileEncoding = 4; lastKnownFileType = sourcecode.c.objc; path = NetStatus.m; sourceTree = "<group>"; };
		CEFD94BC1D1BD9F8002BFD5B /* CoreTelephony.framework */ = {isa = PBXFileReference; lastKnownFileType = wrapper.framework; name = CoreTelephony.framework; path = System/Library/Frameworks/CoreTelephony.framework; sourceTree = SDKROOT; };
		CF08FC2446CF6956582A764E /* Pods-NetRequestDemo.release.xcconfig */ = {isa = PBXFileReference; includeInIndex = 1; lastKnownFileType = text.xcconfig; name = "Pods-NetRequestDemo.release.xcconfig"; path = "Pods/Target Support Files/Pods-NetRequestDemo/Pods-NetRequestDemo.release.xcconfig"; sourceTree = "<group>"; };
/* End PBXFileReference section */

/* Begin PBXFrameworksBuildPhase section */
		7EC915FC1CA907C900B25B50 /* Frameworks */ = {
			isa = PBXFrameworksBuildPhase;
			buildActionMask = 2147483647;
			files = (
				CEFD94BD1D1BD9F8002BFD5B /* CoreTelephony.framework in Frameworks */,
				3C89DA55DFD76ECC1C7D2E11 /* libPods-NetRequestDemo.a in Frameworks */,
			);
			runOnlyForDeploymentPostprocessing = 0;
		};
		7EC916151CA907CB00B25B50 /* Frameworks */ = {
			isa = PBXFrameworksBuildPhase;
			buildActionMask = 2147483647;
			files = (
			);
			runOnlyForDeploymentPostprocessing = 0;
		};
/* End PBXFrameworksBuildPhase section */

/* Begin PBXGroup section */
		76AAF144BEC1EF41574C24E7 /* Pods */ = {
			isa = PBXGroup;
			children = (
				CD769730EC39C3ECE532B52A /* Pods-NetRequestDemo.debug.xcconfig */,
				CF08FC2446CF6956582A764E /* Pods-NetRequestDemo.release.xcconfig */,
			);
			name = Pods;
			sourceTree = "<group>";
		};
		7EC915F61CA907C900B25B50 = {
			isa = PBXGroup;
			children = (
				CE7CD94A1DE55033004FE86E /* NetEngine.podspec */,
				7EC916011CA907CA00B25B50 /* NetRequestDemo */,
				7EC9161B1CA907CB00B25B50 /* NetRequestDemoTests */,
				7EC916001CA907CA00B25B50 /* Products */,
				76AAF144BEC1EF41574C24E7 /* Pods */,
				991C9C6A8986703FDEB921BC /* Frameworks */,
			);
			sourceTree = "<group>";
		};
		7EC916001CA907CA00B25B50 /* Products */ = {
			isa = PBXGroup;
			children = (
				7EC915FF1CA907CA00B25B50 /* NetRequestDemo.app */,
				7EC916181CA907CB00B25B50 /* NetRequestDemoTests.xctest */,
			);
			name = Products;
			sourceTree = "<group>";
		};
		7EC916011CA907CA00B25B50 /* NetRequestDemo */ = {
			isa = PBXGroup;
			children = (
				7EC916051CA907CA00B25B50 /* AppDelegate.h */,
				7EC916061CA907CA00B25B50 /* AppDelegate.m */,
				7EC916081CA907CA00B25B50 /* ViewController.h */,
				7EC916091CA907CA00B25B50 /* ViewController.m */,
				7EC916271CA9081300B25B50 /* NetEngine */,
				7EC9160B1CA907CA00B25B50 /* Main.storyboard */,
				7EC9160E1CA907CA00B25B50 /* Assets.xcassets */,
				7EC916101CA907CA00B25B50 /* LaunchScreen.storyboard */,
				7EC916131CA907CA00B25B50 /* Info.plist */,
				7EC916021CA907CA00B25B50 /* Supporting Files */,
			);
			path = NetRequestDemo;
			sourceTree = "<group>";
		};
		7EC916021CA907CA00B25B50 /* Supporting Files */ = {
			isa = PBXGroup;
			children = (
				7EC916031CA907CA00B25B50 /* main.m */,
			);
			name = "Supporting Files";
			sourceTree = "<group>";
		};
		7EC9161B1CA907CB00B25B50 /* NetRequestDemoTests */ = {
			isa = PBXGroup;
			children = (
				7EC9161C1CA907CB00B25B50 /* NetRequestDemoTests.m */,
				7EC9161E1CA907CB00B25B50 /* Info.plist */,
			);
			path = NetRequestDemoTests;
			sourceTree = "<group>";
		};
		7EC916271CA9081300B25B50 /* NetEngine */ = {
			isa = PBXGroup;
			children = (
				7EC916281CA90F2000B25B50 /* NetEngine.h */,
				7EC916291CA90F2000B25B50 /* NetEngine.m */,
				B376A0221E2886220094EFB4 /* NetModel.h */,
				B376A0231E2886220094EFB4 /* NetModel.m */,
				CEFD94B91D1BCBC8002BFD5B /* NetStatus.h */,
				CEFD94BA1D1BCBC8002BFD5B /* NetStatus.m */,
			);
			path = NetEngine;
			sourceTree = "<group>";
		};
		991C9C6A8986703FDEB921BC /* Frameworks */ = {
			isa = PBXGroup;
			children = (
				CEFD94BC1D1BD9F8002BFD5B /* CoreTelephony.framework */,
				4718302CD661202D4D33CB50 /* libPods-NetRequestDemo.a */,
			);
			name = Frameworks;
			sourceTree = "<group>";
		};
/* End PBXGroup section */

/* Begin PBXNativeTarget section */
		7EC915FE1CA907C900B25B50 /* NetRequestDemo */ = {
			isa = PBXNativeTarget;
			buildConfigurationList = 7EC916211CA907CB00B25B50 /* Build configuration list for PBXNativeTarget "NetRequestDemo" */;
			buildPhases = (
				987D7BCFCFED94F9F9BFD28E /* [CP] Check Pods Manifest.lock */,
				7EC915FB1CA907C900B25B50 /* Sources */,
				7EC915FC1CA907C900B25B50 /* Frameworks */,
				7EC915FD1CA907C900B25B50 /* Resources */,
				B5C90A9AD80D83724B381FCC /* [CP] Embed Pods Frameworks */,
				3959CDD5B6917172608BBE97 /* [CP] Copy Pods Resources */,
			);
			buildRules = (
			);
			dependencies = (
			);
			name = NetRequestDemo;
			productName = NetRequestDemo;
			productReference = 7EC915FF1CA907CA00B25B50 /* NetRequestDemo.app */;
			productType = "com.apple.product-type.application";
		};
		7EC916171CA907CB00B25B50 /* NetRequestDemoTests */ = {
			isa = PBXNativeTarget;
			buildConfigurationList = 7EC916241CA907CB00B25B50 /* Build configuration list for PBXNativeTarget "NetRequestDemoTests" */;
			buildPhases = (
				7EC916141CA907CB00B25B50 /* Sources */,
				7EC916151CA907CB00B25B50 /* Frameworks */,
				7EC916161CA907CB00B25B50 /* Resources */,
			);
			buildRules = (
			);
			dependencies = (
				7EC9161A1CA907CB00B25B50 /* PBXTargetDependency */,
			);
			name = NetRequestDemoTests;
			productName = NetRequestDemoTests;
			productReference = 7EC916181CA907CB00B25B50 /* NetRequestDemoTests.xctest */;
			productType = "com.apple.product-type.bundle.unit-test";
		};
/* End PBXNativeTarget section */

/* Begin PBXProject section */
		7EC915F71CA907C900B25B50 /* Project object */ = {
			isa = PBXProject;
			attributes = {
				LastUpgradeCheck = 0820;
				ORGANIZATIONNAME = ileo;
				TargetAttributes = {
					7EC915FE1CA907C900B25B50 = {
						CreatedOnToolsVersion = 7.3;
						DevelopmentTeam = 9J6JH9B3QM;
						ProvisioningStyle = Automatic;
					};
					7EC916171CA907CB00B25B50 = {
						CreatedOnToolsVersion = 7.3;
						TestTargetID = 7EC915FE1CA907C900B25B50;
					};
				};
			};
			buildConfigurationList = 7EC915FA1CA907C900B25B50 /* Build configuration list for PBXProject "NetRequestDemo" */;
			compatibilityVersion = "Xcode 3.2";
			developmentRegion = English;
			hasScannedForEncodings = 0;
			knownRegions = (
				en,
				Base,
			);
			mainGroup = 7EC915F61CA907C900B25B50;
			productRefGroup = 7EC916001CA907CA00B25B50 /* Products */;
			projectDirPath = "";
			projectRoot = "";
			targets = (
				7EC915FE1CA907C900B25B50 /* NetRequestDemo */,
				7EC916171CA907CB00B25B50 /* NetRequestDemoTests */,
			);
		};
/* End PBXProject section */

/* Begin PBXResourcesBuildPhase section */
		7EC915FD1CA907C900B25B50 /* Resources */ = {
			isa = PBXResourcesBuildPhase;
			buildActionMask = 2147483647;
			files = (
				7EC916121CA907CA00B25B50 /* LaunchScreen.storyboard in Resources */,
				7EC9160F1CA907CA00B25B50 /* Assets.xcassets in Resources */,
				CE7CD94B1DE55033004FE86E /* NetEngine.podspec in Resources */,
				7EC9160D1CA907CA00B25B50 /* Main.storyboard in Resources */,
			);
			runOnlyForDeploymentPostprocessing = 0;
		};
		7EC916161CA907CB00B25B50 /* Resources */ = {
			isa = PBXResourcesBuildPhase;
			buildActionMask = 2147483647;
			files = (
			);
			runOnlyForDeploymentPostprocessing = 0;
		};
/* End PBXResourcesBuildPhase section */

/* Begin PBXShellScriptBuildPhase section */
		3959CDD5B6917172608BBE97 /* [CP] Copy Pods Resources */ = {
			isa = PBXShellScriptBuildPhase;
			buildActionMask = 2147483647;
			files = (
			);
			inputPaths = (
			);
			name = "[CP] Copy Pods Resources";
			outputPaths = (
			);
			runOnlyForDeploymentPostprocessing = 0;
			shellPath = /bin/sh;
			shellScript = "\"${SRCROOT}/Pods/Target Support Files/Pods-NetRequestDemo/Pods-NetRequestDemo-resources.sh\"\n";
			showEnvVarsInLog = 0;
		};
		987D7BCFCFED94F9F9BFD28E /* [CP] Check Pods Manifest.lock */ = {
			isa = PBXShellScriptBuildPhase;
			buildActionMask = 2147483647;
			files = (
			);
			inputPaths = (
			);
			name = "[CP] Check Pods Manifest.lock";
			outputPaths = (
			);
			runOnlyForDeploymentPostprocessing = 0;
			shellPath = /bin/sh;
			shellScript = "diff \"${PODS_ROOT}/../Podfile.lock\" \"${PODS_ROOT}/Manifest.lock\" > /dev/null\nif [ $? != 0 ] ; then\n    # print error to STDERR\n    echo \"error: The sandbox is not in sync with the Podfile.lock. Run 'pod install' or update your CocoaPods installation.\" >&2\n    exit 1\nfi\n";
			showEnvVarsInLog = 0;
		};
		B5C90A9AD80D83724B381FCC /* [CP] Embed Pods Frameworks */ = {
			isa = PBXShellScriptBuildPhase;
			buildActionMask = 2147483647;
			files = (
			);
			inputPaths = (
			);
			name = "[CP] Embed Pods Frameworks";
			outputPaths = (
			);
			runOnlyForDeploymentPostprocessing = 0;
			shellPath = /bin/sh;
			shellScript = "\"${SRCROOT}/Pods/Target Support Files/Pods-NetRequestDemo/Pods-NetRequestDemo-frameworks.sh\"\n";
			showEnvVarsInLog = 0;
		};
/* End PBXShellScriptBuildPhase section */

/* Begin PBXSourcesBuildPhase section */
		7EC915FB1CA907C900B25B50 /* Sources */ = {
			isa = PBXSourcesBuildPhase;
			buildActionMask = 2147483647;
			files = (
				7EC9160A1CA907CA00B25B50 /* ViewController.m in Sources */,
				B376A0241E2886220094EFB4 /* NetModel.m in Sources */,
				7EC916071CA907CA00B25B50 /* AppDelegate.m in Sources */,
				7EC916041CA907CA00B25B50 /* main.m in Sources */,
				7EC9162A1CA90F2000B25B50 /* NetEngine.m in Sources */,
				CEFD94BB1D1BCBC8002BFD5B /* NetStatus.m in Sources */,
			);
			runOnlyForDeploymentPostprocessing = 0;
		};
		7EC916141CA907CB00B25B50 /* Sources */ = {
			isa = PBXSourcesBuildPhase;
			buildActionMask = 2147483647;
			files = (
				7EC9161D1CA907CB00B25B50 /* NetRequestDemoTests.m in Sources */,
			);
			runOnlyForDeploymentPostprocessing = 0;
		};
/* End PBXSourcesBuildPhase section */

/* Begin PBXTargetDependency section */
		7EC9161A1CA907CB00B25B50 /* PBXTargetDependency */ = {
			isa = PBXTargetDependency;
			target = 7EC915FE1CA907C900B25B50 /* NetRequestDemo */;
			targetProxy = 7EC916191CA907CB00B25B50 /* PBXContainerItemProxy */;
		};
/* End PBXTargetDependency section */

/* Begin PBXVariantGroup section */
		7EC9160B1CA907CA00B25B50 /* Main.storyboard */ = {
			isa = PBXVariantGroup;
			children = (
				7EC9160C1CA907CA00B25B50 /* Base */,
			);
			name = Main.storyboard;
			sourceTree = "<group>";
		};
		7EC916101CA907CA00B25B50 /* LaunchScreen.storyboard */ = {
			isa = PBXVariantGroup;
			children = (
				7EC916111CA907CA00B25B50 /* Base */,
			);
			name = LaunchScreen.storyboard;
			sourceTree = "<group>";
		};
/* End PBXVariantGroup section */

/* Begin XCBuildConfiguration section */
		7EC9161F1CA907CB00B25B50 /* Debug */ = {
			isa = XCBuildConfiguration;
			buildSettings = {
				ALWAYS_SEARCH_USER_PATHS = NO;
				CLANG_ANALYZER_NONNULL = YES;
				CLANG_CXX_LANGUAGE_STANDARD = "gnu++0x";
				CLANG_CXX_LIBRARY = "libc++";
				CLANG_ENABLE_MODULES = YES;
				CLANG_ENABLE_OBJC_ARC = YES;
				CLANG_WARN_BOOL_CONVERSION = YES;
				CLANG_WARN_CONSTANT_CONVERSION = YES;
				CLANG_WARN_DIRECT_OBJC_ISA_USAGE = YES_ERROR;
				CLANG_WARN_EMPTY_BODY = YES;
				CLANG_WARN_ENUM_CONVERSION = YES;
				CLANG_WARN_INFINITE_RECURSION = YES;
				CLANG_WARN_INT_CONVERSION = YES;
				CLANG_WARN_OBJC_ROOT_CLASS = YES_ERROR;
				CLANG_WARN_SUSPICIOUS_MOVE = YES;
				CLANG_WARN_UNREACHABLE_CODE = YES;
				CLANG_WARN__DUPLICATE_METHOD_MATCH = YES;
				"CODE_SIGN_IDENTITY[sdk=iphoneos*]" = "iPhone Developer";
				COPY_PHASE_STRIP = NO;
				DEBUG_INFORMATION_FORMAT = dwarf;
				ENABLE_STRICT_OBJC_MSGSEND = YES;
				ENABLE_TESTABILITY = YES;
				GCC_C_LANGUAGE_STANDARD = gnu99;
				GCC_DYNAMIC_NO_PIC = NO;
				GCC_NO_COMMON_BLOCKS = YES;
				GCC_OPTIMIZATION_LEVEL = 0;
				GCC_PREPROCESSOR_DEFINITIONS = (
					"DEBUG=1",
					"$(inherited)",
				);
				GCC_WARN_64_TO_32_BIT_CONVERSION = YES;
				GCC_WARN_ABOUT_RETURN_TYPE = YES_ERROR;
				GCC_WARN_UNDECLARED_SELECTOR = YES;
				GCC_WARN_UNINITIALIZED_AUTOS = YES_AGGRESSIVE;
				GCC_WARN_UNUSED_FUNCTION = YES;
				GCC_WARN_UNUSED_VARIABLE = YES;
				IPHONEOS_DEPLOYMENT_TARGET = 9.3;
				MTL_ENABLE_DEBUG_INFO = YES;
				ONLY_ACTIVE_ARCH = YES;
				SDKROOT = iphoneos;
			};
			name = Debug;
		};
		7EC916201CA907CB00B25B50 /* Release */ = {
			isa = XCBuildConfiguration;
			buildSettings = {
				ALWAYS_SEARCH_USER_PATHS = NO;
				CLANG_ANALYZER_NONNULL = YES;
				CLANG_CXX_LANGUAGE_STANDARD = "gnu++0x";
				CLANG_CXX_LIBRARY = "libc++";
				CLANG_ENABLE_MODULES = YES;
				CLANG_ENABLE_OBJC_ARC = YES;
				CLANG_WARN_BOOL_CONVERSION = YES;
				CLANG_WARN_CONSTANT_CONVERSION = YES;
				CLANG_WARN_DIRECT_OBJC_ISA_USAGE = YES_ERROR;
				CLANG_WARN_EMPTY_BODY = YES;
				CLANG_WARN_ENUM_CONVERSION = YES;
				CLANG_WARN_INFINITE_RECURSION = YES;
				CLANG_WARN_INT_CONVERSION = YES;
				CLANG_WARN_OBJC_ROOT_CLASS = YES_ERROR;
				CLANG_WARN_SUSPICIOUS_MOVE = YES;
				CLANG_WARN_UNREACHABLE_CODE = YES;
				CLANG_WARN__DUPLICATE_METHOD_MATCH = YES;
				"CODE_SIGN_IDENTITY[sdk=iphoneos*]" = "iPhone Developer";
				COPY_PHASE_STRIP = NO;
				DEBUG_INFORMATION_FORMAT = "dwarf-with-dsym";
				ENABLE_NS_ASSERTIONS = NO;
				ENABLE_STRICT_OBJC_MSGSEND = YES;
				GCC_C_LANGUAGE_STANDARD = gnu99;
				GCC_NO_COMMON_BLOCKS = YES;
				GCC_WARN_64_TO_32_BIT_CONVERSION = YES;
				GCC_WARN_ABOUT_RETURN_TYPE = YES_ERROR;
				GCC_WARN_UNDECLARED_SELECTOR = YES;
				GCC_WARN_UNINITIALIZED_AUTOS = YES_AGGRESSIVE;
				GCC_WARN_UNUSED_FUNCTION = YES;
				GCC_WARN_UNUSED_VARIABLE = YES;
				IPHONEOS_DEPLOYMENT_TARGET = 9.3;
				MTL_ENABLE_DEBUG_INFO = NO;
				SDKROOT = iphoneos;
				VALIDATE_PRODUCT = YES;
			};
			name = Release;
		};
		7EC916221CA907CB00B25B50 /* Debug */ = {
			isa = XCBuildConfiguration;
			baseConfigurationReference = CD769730EC39C3ECE532B52A /* Pods-NetRequestDemo.debug.xcconfig */;
			buildSettings = {
				ASSETCATALOG_COMPILER_APPICON_NAME = AppIcon;
				CODE_SIGN_IDENTITY = "iPhone Developer";
				"CODE_SIGN_IDENTITY[sdk=iphoneos*]" = "iPhone Developer";
				DEVELOPMENT_TEAM = 9J6JH9B3QM;
				INFOPLIST_FILE = NetRequestDemo/Info.plist;
				IPHONEOS_DEPLOYMENT_TARGET = 8.0;
				LD_RUNPATH_SEARCH_PATHS = "$(inherited) @executable_path/Frameworks";
				PRODUCT_BUNDLE_IDENTIFIER = com.ileo.NetRequestDemo;
				PRODUCT_NAME = "$(TARGET_NAME)";
			};
			name = Debug;
		};
		7EC916231CA907CB00B25B50 /* Release */ = {
			isa = XCBuildConfiguration;
			baseConfigurationReference = CF08FC2446CF6956582A764E /* Pods-NetRequestDemo.release.xcconfig */;
			buildSettings = {
				ASSETCATALOG_COMPILER_APPICON_NAME = AppIcon;
				CODE_SIGN_IDENTITY = "iPhone Developer";
				"CODE_SIGN_IDENTITY[sdk=iphoneos*]" = "iPhone Developer";
				DEVELOPMENT_TEAM = 9J6JH9B3QM;
				INFOPLIST_FILE = NetRequestDemo/Info.plist;
				IPHONEOS_DEPLOYMENT_TARGET = 8.0;
				LD_RUNPATH_SEARCH_PATHS = "$(inherited) @executable_path/Frameworks";
				PRODUCT_BUNDLE_IDENTIFIER = com.ileo.NetRequestDemo;
				PRODUCT_NAME = "$(TARGET_NAME)";
			};
			name = Release;
		};
		7EC916251CA907CB00B25B50 /* Debug */ = {
			isa = XCBuildConfiguration;
			buildSettings = {
				BUNDLE_LOADER = "$(TEST_HOST)";
				INFOPLIST_FILE = NetRequestDemoTests/Info.plist;
				LD_RUNPATH_SEARCH_PATHS = "$(inherited) @executable_path/Frameworks @loader_path/Frameworks";
				PRODUCT_BUNDLE_IDENTIFIER = com.ileo.NetRequestDemoTests;
				PRODUCT_NAME = "$(TARGET_NAME)";
				TEST_HOST = "$(BUILT_PRODUCTS_DIR)/NetRequestDemo.app/NetRequestDemo";
			};
			name = Debug;
		};
		7EC916261CA907CB00B25B50 /* Release */ = {
			isa = XCBuildConfiguration;
			buildSettings = {
				BUNDLE_LOADER = "$(TEST_HOST)";
				INFOPLIST_FILE = NetRequestDemoTests/Info.plist;
				LD_RUNPATH_SEARCH_PATHS = "$(inherited) @executable_path/Frameworks @loader_path/Frameworks";
				PRODUCT_BUNDLE_IDENTIFIER = com.ileo.NetRequestDemoTests;
				PRODUCT_NAME = "$(TARGET_NAME)";
				TEST_HOST = "$(BUILT_PRODUCTS_DIR)/NetRequestDemo.app/NetRequestDemo";
			};
			name = Release;
		};
/* End XCBuildConfiguration section */

/* Begin XCConfigurationList section */
		7EC915FA1CA907C900B25B50 /* Build configuration list for PBXProject "NetRequestDemo" */ = {
			isa = XCConfigurationList;
			buildConfigurations = (
				7EC9161F1CA907CB00B25B50 /* Debug */,
				7EC916201CA907CB00B25B50 /* Release */,
			);
			defaultConfigurationIsVisible = 0;
			defaultConfigurationName = Release;
		};
		7EC916211CA907CB00B25B50 /* Build configuration list for PBXNativeTarget "NetRequestDemo" */ = {
			isa = XCConfigurationList;
			buildConfigurations = (
				7EC916221CA907CB00B25B50 /* Debug */,
				7EC916231CA907CB00B25B50 /* Release */,
			);
			defaultConfigurationIsVisible = 0;
			defaultConfigurationName = Release;
		};
		7EC916241CA907CB00B25B50 /* Build configuration list for PBXNativeTarget "NetRequestDemoTests" */ = {
			isa = XCConfigurationList;
			buildConfigurations = (
				7EC916251CA907CB00B25B50 /* Debug */,
				7EC916261CA907CB00B25B50 /* Release */,
			);
			defaultConfigurationIsVisible = 0;
			defaultConfigurationName = Release;
		};
/* End XCConfigurationList section */
	};
	rootObject = 7EC915F71CA907C900B25B50 /* Project object */;
}
